},
{
    "name": "graham-campbell/result-type",
    "version": "v1.1.1",
    "source": {
        "type": "git",
        "url": "https://github.com/GrahamCampbell/Result-Type.git",
        "reference": "672eff8cf1d6fe1ef09ca0f89c4b287d6a3eb831"
    },
    "dist": {
        "type": "zip",
        "url": "https://api.github.com/repos/GrahamCampbell/Result-Type/zipball/672eff8cf1d6fe1ef09ca0f89c4b287d6a3eb831",
        "reference": "672eff8cf1d6fe1ef09ca0f89c4b287d6a3eb831",
        "shasum": ""
    },
    "require": {
        "php": "^7.2.5 || ^8.0",
        "phpoption/phpoption": "^1.9.1"
    },
    "require-dev": {
        "phpunit/phpunit": "^8.5.32 || ^9.6.3 || ^10.0.12"
    },
    "type": "library",
    "autoload": {
],
"support": {
    "issues": "https://github.com/GrahamCampbell/Result-Type/issues",
    "source": "https://github.com/GrahamCampbell/Result-Type/tree/v1.1.1"
},
"funding": [
    {
        "type": "tidelift"
    }
],
"time": "2023-02-25T20:23:15+00:00"
},
{
"name": "guzzlehttp/guzzle",
},
{
"name": "laravel/framework",
"version": "v10.28.0",
"source": {
    "type": "git",
    "url": "https://github.com/laravel/framework.git",
    "reference": "09137f50f715c1efc649788a26092dcb1ec4ab6e"
},
"dist": {
    "type": "zip",
    "url": "https://api.github.com/repos/laravel/framework/zipball/09137f50f715c1efc649788a26092dcb1ec4ab6e",
    "reference": "09137f50f715c1efc649788a26092dcb1ec4ab6e",
    "shasum": ""
},
"require": {
    "symfony/console": "^6.2",
    "symfony/error-handler": "^6.2",
    "symfony/finder": "^6.2",
    "symfony/http-foundation": "^6.2",
    "symfony/http-kernel": "^6.2",
    "symfony/mailer": "^6.2",
    "symfony/mime": "^6.2",
    "league/flysystem-read-only": "^3.3",
    "league/flysystem-sftp-v3": "^3.0",
    "mockery/mockery": "^1.5.1",
    "orchestra/testbench-core": "^8.12",
    "pda/pheanstalk": "^4.0",
    "phpstan/phpstan": "^1.4.7",
    "phpunit/phpunit": "^10.0.7",
    "predis/predis": "^2.0.2",
    "symfony/cache": "^6.2",
    "symfony/http-client": "^6.2.4"
},
"suggest": {
    "ably/ably-php": "Required to use the Ably broadcast driver (^1.0).",
    "issues": "https://github.com/laravel/framework/issues",
    "source": "https://github.com/laravel/framework"
},
"time": "2023-10-10T13:01:37+00:00"
},
{
"name": "laravel/prompts",
"version": "v0.1.11",
"source": {
    "type": "git",
    "url": "https://github.com/laravel/prompts.git",
    "reference": "cce65a90e64712909ea1adc033e1d88de8455ffd"
},
"dist": {
    "type": "zip",
    "url": "https://api.github.com/repos/laravel/prompts/zipball/cce65a90e64712909ea1adc033e1d88de8455ffd",
    "reference": "cce65a90e64712909ea1adc033e1d88de8455ffd",
    "shasum": ""
},
"require": {
    "ext-mbstring": "*",
    "illuminate/collections": "^10.0|^11.0",
    "php": "^8.1",
    "symfony/console": "^6.2"
},
"conflict": {
    "illuminate/console": ">=10.17.0 <10.25.0",
],
"support": {
    "issues": "https://github.com/laravel/prompts/issues",
    "source": "https://github.com/laravel/prompts/tree/v0.1.11"
},
"time": "2023-10-03T01:07:35+00:00"
},
{
"name": "laravel/sanctum",
"version": "v3.3.1",
"source": {
    "type": "git",
    "url": "https://github.com/laravel/sanctum.git",
    "reference": "338f633e6487e76b255470d3373fbc29228aa971"
},
"dist": {
    "type": "zip",
    "url": "https://api.github.com/repos/laravel/sanctum/zipball/338f633e6487e76b255470d3373fbc29228aa971",
    "reference": "338f633e6487e76b255470d3373fbc29228aa971",
    "shasum": ""
},
"require": {
    "issues": "https://github.com/laravel/sanctum/issues",
    "source": "https://github.com/laravel/sanctum"
},
"time": "2023-09-07T15:46:33+00:00"
},
{
"name": "laravel/serializable-closure",
"version": "v1.3.1",
"source": {
    "type": "git",
    "url": "https://github.com/laravel/serializable-closure.git",
    "reference": "e5a3057a5591e1cfe8183034b0203921abe2c902"
},
"dist": {
    "type": "zip",
    "url": "https://api.github.com/repos/laravel/serializable-closure/zipball/e5a3057a5591e1cfe8183034b0203921abe2c902",
    "reference": "e5a3057a5591e1cfe8183034b0203921abe2c902",
    "shasum": ""
},
"require": {
    "issues": "https://github.com/laravel/serializable-closure/issues",
    "source": "https://github.com/laravel/serializable-closure"
},
"time": "2023-07-14T13:56:28+00:00"
},
{
"name": "laravel/socialite",
},
{
"name": "league/flysystem",
"version": "3.18.0",
"source": {
    "type": "git",
    "url": "https://github.com/thephpleague/flysystem.git",
    "reference": "015633a05aee22490495159237a5944091d8281e"
},
"dist": {
    "type": "zip",
    "url": "https://api.github.com/repos/thephpleague/flysystem/zipball/015633a05aee22490495159237a5944091d8281e",
    "reference": "015633a05aee22490495159237a5944091d8281e",
    "shasum": ""
},
"require": {
],
"support": {
"issues": "https://github.com/thephpleague/flysystem/issues",
"source": "https://github.com/thephpleague/flysystem/tree/3.18.0"
},
"funding": [
{
    "type": "github"
}
],
"time": "2023-10-20T17:59:40+00:00"
},
{
"name": "league/flysystem-local",
"version": "3.18.0",
"source": {
"type": "git",
"url": "https://github.com/thephpleague/flysystem-local.git",
"reference": "e7381ef7643f658b87efb7dbe98fe538fb1bbf32"
},
"dist": {
"type": "zip",
"url": "https://api.github.com/repos/thephpleague/flysystem-local/zipball/e7381ef7643f658b87efb7dbe98fe538fb1bbf32",
"reference": "e7381ef7643f658b87efb7dbe98fe538fb1bbf32",
"shasum": ""
},
"require": {
],
"support": {
"issues": "https://github.com/thephpleague/flysystem-local/issues",
"source": "https://github.com/thephpleague/flysystem-local/tree/3.18.0"
},
"funding": [
{
"type": "github"
}
],
"time": "2023-10-19T20:07:13+00:00"
},
{
"name": "league/mime-type-detection",
},
{
"name": "monolog/monolog",
"version": "3.4.0",
"source": {
"type": "git",
"url": "https://github.com/Seldaek/monolog.git",
"reference": "e2392369686d420ca32df3803de28b5d6f76867d"
},
"dist": {
"type": "zip",
"url": "https://api.github.com/repos/Seldaek/monolog/zipball/e2392369686d420ca32df3803de28b5d6f76867d",
"reference": "e2392369686d420ca32df3803de28b5d6f76867d",
"shasum": ""
},
"require": {
],
"support": {
"issues": "https://github.com/Seldaek/monolog/issues",
"source": "https://github.com/Seldaek/monolog/tree/3.4.0"
},
"funding": [
{
"type": "tidelift"
}
],
"time": "2023-06-21T08:46:11+00:00"
},
{
"name": "nesbot/carbon",
},
{
"name": "nette/utils",
"version": "v4.0.2",
"source": {
"type": "git",
"url": "https://github.com/nette/utils.git",
"reference": "cead6637226456b35e1175cc53797dd585d85545"
},
"dist": {
"type": "zip",
"url": "https://api.github.com/repos/nette/utils/zipball/cead6637226456b35e1175cc53797dd585d85545",
"reference": "cead6637226456b35e1175cc53797dd585d85545",
"shasum": ""
},
"require": {
],
"support": {
"issues": "https://github.com/nette/utils/issues",
"source": "https://github.com/nette/utils/tree/v4.0.2"
},
"time": "2023-09-19T11:58:07+00:00"
},
{
"name": "nikic/php-parser",
},
{
"name": "phpoption/phpoption",
"version": "1.9.1",
"source": {
"type": "git",
"url": "https://github.com/schmittjoh/php-option.git",
"reference": "dd3a383e599f49777d8b628dadbb90cae435b87e"
},
"dist": {
"type": "zip",
"url": "https://api.github.com/repos/schmittjoh/php-option/zipball/dd3a383e599f49777d8b628dadbb90cae435b87e",
"reference": "dd3a383e599f49777d8b628dadbb90cae435b87e",
"shasum": ""
},
"require": {},
"require-dev": {
"bamarni/composer-bin-plugin": "^1.8.2",
"phpunit/phpunit": "^8.5.32 || ^9.6.3 || ^10.0.12"
},
"type": "library",
"extra": {
],
"support": {
"issues": "https://github.com/schmittjoh/php-option/issues",
"source": "https://github.com/schmittjoh/php-option/tree/1.9.1"
},
"funding": [
{
"type": "tidelift"
}
],
"time": "2023-02-25T19:38:58+00:00"
},
{
"name": "psr/clock",
},
{
"name": "ramsey/uuid",
"version": "4.7.4",
"source": {
"type": "git",
"url": "https://github.com/ramsey/uuid.git",
"reference": "60a4c63ab724854332900504274f6150ff26d286"
},
"dist": {
"type": "zip",
"url": "https://api.github.com/repos/ramsey/uuid/zipball/60a4c63ab724854332900504274f6150ff26d286",
"reference": "60a4c63ab724854332900504274f6150ff26d286",
"shasum": ""
},
"require": {
],
"support": {
"issues": "https://github.com/ramsey/uuid/issues",
"source": "https://github.com/ramsey/uuid/tree/4.7.4"
},
"funding": [
{
"type": "tidelift"
}
],
"time": "2023-04-15T23:01:58+00:00"
},
{
"name": "spatie/laravel-permission",
"version": "5.11.0",
"source": {
"type": "git",
"url": "https://github.com/spatie/laravel-permission.git",
"reference": "0a35e99da4cb6f85b07b3b58b718ff659c39a009"
},
"dist": {
"type": "zip",
"url": "https://api.github.com/repos/spatie/laravel-permission/zipball/0a35e99da4cb6f85b07b3b58b718ff659c39a009",
"reference": "0a35e99da4cb6f85b07b3b58b718ff659c39a009",
"shasum": ""
},
"require": {
],
"support": {
"issues": "https://github.com/spatie/laravel-permission/issues",
"source": "https://github.com/spatie/laravel-permission/tree/5.11.0"
},
"funding": [
{
"type": "github"
}
],
"time": "2023-08-30T23:41:24+00:00"
},
{
"name": "symfony/console",
"version": "v6.3.4",
"source": {
"type": "git",
"url": "https://github.com/symfony/console.git",
"reference": "eca495f2ee845130855ddf1cf18460c38966c8b6"
},
"dist": {
"type": "zip",
"url": "https://api.github.com/repos/symfony/console/zipball/eca495f2ee845130855ddf1cf18460c38966c8b6",
"reference": "eca495f2ee845130855ddf1cf18460c38966c8b6",
"shasum": ""
},
"require": {
"terminal"
],
"support": {
"source": "https://github.com/symfony/console/tree/v6.3.4"
},
"funding": [
{
"type": "tidelift"
}
],
"time": "2023-08-16T10:10:12+00:00"
},
{
"name": "symfony/css-selector",
},
{
"name": "symfony/deprecation-contracts",
"version": "v3.3.0",
"source": {
"type": "git",
"url": "https://github.com/symfony/deprecation-contracts.git",
"description": "A generic function and convention to trigger deprecation notices",
"homepage": "https://symfony.com",
"support": {
"source": "https://github.com/symfony/deprecation-contracts/tree/v3.3.0"
},
"funding": [
{},
{
"name": "symfony/event-dispatcher-contracts",
"version": "v3.3.0",
"source": {
"type": "git",
"url": "https://github.com/symfony/event-dispatcher-contracts.git",
"standards"
],
"support": {
"source": "https://github.com/symfony/event-dispatcher-contracts/tree/v3.3.0"
},
"funding": [
{},
{
"name": "symfony/http-foundation",
"version": "v6.3.6",
"source": {
"type": "git",
"url": "https://github.com/symfony/http-foundation.git",
"reference": "c186627f52febe09c6d5270b04f8462687a250a6"
},
"dist": {
"type": "zip",
"url": "https://api.github.com/repos/symfony/http-foundation/zipball/c186627f52febe09c6d5270b04f8462687a250a6",
"reference": "c186627f52febe09c6d5270b04f8462687a250a6",
"shasum": ""
},
"require": {
"description": "Defines an object-oriented layer for the HTTP specification",
"homepage": "https://symfony.com",
"support": {
"source": "https://github.com/symfony/http-foundation/tree/v6.3.6"
},
"funding": [
{
    "type": "tidelift"
}
],
"time": "2023-10-17T11:32:53+00:00"
},
{
"name": "symfony/http-kernel",
"version": "v6.3.6",
"source": {
"type": "git",
"url": "https://github.com/symfony/http-kernel.git",
"reference": "4945f5001b06ff9080cd3d8f1f9f069094c0d156"
},
"dist": {
"type": "zip",
"url": "https://api.github.com/repos/symfony/http-kernel/zipball/4945f5001b06ff9080cd3d8f1f9f069094c0d156",
"reference": "4945f5001b06ff9080cd3d8f1f9f069094c0d156",
"shasum": ""
},
"require": {
"description": "Provides a structured process for converting a Request into a Response",
"homepage": "https://symfony.com",
"support": {
    "source": "https://github.com/symfony/http-kernel/tree/v6.3.6"
},
"funding": [
    {
        "type": "tidelift"
    }
],
"time": "2023-10-21T13:12:51+00:00"
},
{
"name": "symfony/mailer",
},
{
"name": "symfony/service-contracts",
"version": "v3.3.0",
"source": {
    "type": "git",
    "url": "https://github.com/symfony/service-contracts.git",
    "reference": "40da9cc13ec349d9e4966ce18b5fbcd724ab10a4"
},
"dist": {
    "type": "zip",
    "url": "https://api.github.com/repos/symfony/service-contracts/zipball/40da9cc13ec349d9e4966ce18b5fbcd724ab10a4",
    "reference": "40da9cc13ec349d9e4966ce18b5fbcd724ab10a4",
    "shasum": ""
},
"require": {
    "standards"
],
"support": {
    "source": "https://github.com/symfony/service-contracts/tree/v3.3.0"
},
"funding": [
    {
        "type": "tidelift"
    }
],
"time": "2023-05-23T14:45:45+00:00"
},
{
"name": "symfony/string",
"version": "v6.3.5",
"source": {
    "type": "git",
    "url": "https://github.com/symfony/string.git",
    "reference": "13d76d0fb049051ed12a04bef4f9de8715bea339"
},
"dist": {
    "type": "zip",
    "url": "https://api.github.com/repos/symfony/string/zipball/13d76d0fb049051ed12a04bef4f9de8715bea339",
    "reference": "13d76d0fb049051ed12a04bef4f9de8715bea339",
    "shasum": ""
},
"require": {
    "utf8"
],
"support": {
    "source": "https://github.com/symfony/string/tree/v6.3.5"
},
"funding": [
    {
        "type": "tidelift"
    }
],
"time": "2023-09-18T10:38:32+00:00"
},
{
"name": "symfony/translation",
"version": "v6.3.6",
"source": {
    "type": "git",
    "url": "https://github.com/symfony/translation.git",
    "reference": "869b26c7a9d4b8a48afdd77ab36031909c87e3a2"
},
"dist": {
    "type": "zip",
    "url": "https://api.github.com/repos/symfony/translation/zipball/869b26c7a9d4b8a48afdd77ab36031909c87e3a2",
    "reference": "869b26c7a9d4b8a48afdd77ab36031909c87e3a2",
    "shasum": ""
},
"require": {
    "description": "Provides tools to internationalize your application",
    "homepage": "https://symfony.com",
    "support": {
        "source": "https://github.com/symfony/translation/tree/v6.3.6"
    },
    "funding": [
        {
            "type": "tidelift"
        }
    ],
    "time": "2023-10-17T11:32:53+00:00"
},
{
    "name": "symfony/translation-contracts",
    "version": "v3.3.0",
    "source": {
        "type": "git",
        "url": "https://github.com/symfony/translation-contracts.git",
        "reference": "02c24deb352fb0d79db5486c0c79905a85e37e86"
    },
    "dist": {
        "type": "zip",
        "url": "https://api.github.com/repos/symfony/translation-contracts/zipball/02c24deb352fb0d79db5486c0c79905a85e37e86",
        "reference": "02c24deb352fb0d79db5486c0c79905a85e37e86",
        "shasum": ""
    },
    "require": {
        "standards"
    ],
    "support": {
        "source": "https://github.com/symfony/translation-contracts/tree/v3.3.0"
    },
    "funding": [
        {
            "type": "tidelift"
        }
    ],
    "time": "2023-05-30T17:17:10+00:00"
},
{
    "name": "symfony/uid",
    "version": "v6.3.0",
    "source": {
        "type": "git",
        "url": "https://github.com/symfony/uid.git",
        "reference": "01b0f20b1351d997711c56f1638f7a8c3061e384"
    },
    "dist": {
        "type": "zip",
        "url": "https://api.github.com/repos/symfony/uid/zipball/01b0f20b1351d997711c56f1638f7a8c3061e384",
        "reference": "01b0f20b1351d997711c56f1638f7a8c3061e384",
        "shasum": ""
    },
    "require": {
        "uuid"
    ],
    "support": {
        "source": "https://github.com/symfony/uid/tree/v6.3.0"
    },
    "funding": [
        {
            "type": "tidelift"
        }
    ],
    "time": "2023-04-08T07:25:02+00:00"
},
{
    "name": "symfony/var-dumper",
    "version": "v6.3.6",
    "source": {
        "type": "git",
        "url": "https://github.com/symfony/var-dumper.git",
        "reference": "999ede244507c32b8e43aebaa10e9fce20de7c97"
    },
    "dist": {
        "type": "zip",
        "url": "https://api.github.com/repos/symfony/var-dumper/zipball/999ede244507c32b8e43aebaa10e9fce20de7c97",
        "reference": "999ede244507c32b8e43aebaa10e9fce20de7c97",
        "shasum": ""
    },
    "require": {
        "dump"
    ],
    "support": {
        "source": "https://github.com/symfony/var-dumper/tree/v6.3.6"
    },
    "funding": [
        {
            "type": "tidelift"
        }
    ],
    "time": "2023-10-12T18:45:56+00:00"
},
{
    "name": "tijsverkoyen/css-to-inline-styles",
},
{
    "name": "vlucas/phpdotenv",
    "version": "v5.5.0",
    "source": {
        "type": "git",
        "url": "https://github.com/vlucas/phpdotenv.git",
        "reference": "1a7ea2afc49c3ee6d87061f5a233e3a035d0eae7"
    },
    "dist": {
        "type": "zip",
        "url": "https://api.github.com/repos/vlucas/phpdotenv/zipball/1a7ea2afc49c3ee6d87061f5a233e3a035d0eae7",
        "reference": "1a7ea2afc49c3ee6d87061f5a233e3a035d0eae7",
        "shasum": ""
    },
    "require": {
        "ext-pcre": "*",
        "graham-campbell/result-type": "^1.0.2",
        "php": "^7.1.3 || ^8.0",
        "phpoption/phpoption": "^1.8",
        "symfony/polyfill-ctype": "^1.23",
        "symfony/polyfill-mbstring": "^1.23.1",
        "symfony/polyfill-php80": "^1.23.1"
    },
    "require-dev": {
        "bamarni/composer-bin-plugin": "^1.4.1",
        "ext-filter": "*",
        "phpunit/phpunit": "^7.5.20 || ^8.5.30 || ^9.5.25"
    },
    "suggest": {
        "ext-filter": "Required to use the boolean validator.""forward-command": true
    },
    "branch-alias": {
        "dev-master": "5.5-dev"
    }
},
"autoload": {
],
"support": {
"issues": "https://github.com/vlucas/phpdotenv/issues",
"source": "https://github.com/vlucas/phpdotenv/tree/v5.5.0"
},
"funding": [
{
    "type": "tidelift"
}
],
"time": "2022-10-16T01:01:54+00:00"
},
{
"name": "voku/portable-ascii",
},
{
"name": "filp/whoops",
"version": "2.15.3",
"source": {
"type": "git",
"url": "https://github.com/filp/whoops.git",
"reference": "c83e88a30524f9360b11f585f71e6b17313b7187"
},
"dist": {
"type": "zip",
"url": "https://api.github.com/repos/filp/whoops/zipball/c83e88a30524f9360b11f585f71e6b17313b7187",
"reference": "c83e88a30524f9360b11f585f71e6b17313b7187",
"shasum": ""
},
"require": {
],
"support": {
"issues": "https://github.com/filp/whoops/issues",
"source": "https://github.com/filp/whoops/tree/2.15.3"
},
"funding": [
{
"type": "github"
}
],
"time": "2023-07-13T12:00:00+00:00"
},
{
"name": "hamcrest/hamcrest-php",
},
{
"name": "laravel/breeze",
"version": "v1.25.0",
"source": {
"type": "git",
"url": "https://github.com/laravel/breeze.git",
"reference": "d62371252246d45417d077ca8019b6abd679343c"
},
"dist": {
"type": "zip",
"url": "https://api.github.com/repos/laravel/breeze/zipball/d62371252246d45417d077ca8019b6abd679343c",
"reference": "d62371252246d45417d077ca8019b6abd679343c",
"shasum": ""
},
"require": {
"issues": "https://github.com/laravel/breeze/issues",
"source": "https://github.com/laravel/breeze"
},
"time": "2023-10-06T13:24:19+00:00"
},
{
"name": "laravel/pint",
"version": "v1.13.3",
"source": {
"type": "git",
"url": "https://github.com/laravel/pint.git",
"reference": "93b2d0d49719bc6e444ba21cd4dbbccec935413d"
},
"dist": {
"type": "zip",
"url": "https://api.github.com/repos/laravel/pint/zipball/93b2d0d49719bc6e444ba21cd4dbbccec935413d",
"reference": "93b2d0d49719bc6e444ba21cd4dbbccec935413d",
"shasum": ""
},
"require": {
"php": "^8.1.0"
},
"require-dev": {
"friendsofphp/php-cs-fixer": "^3.34.1",
"illuminate/view": "^10.23.1",
"laravel-zero/framework": "^10.1.2",
"mockery/mockery": "^1.6.6",
"nunomaduro/larastan": "^2.6.4",
"nunomaduro/termwind": "^1.15.1",
"pestphp/pest": "^2.18.2"
},
"bin": [
"builds/pint""issues": "https://github.com/laravel/pint/issues",
"source": "https://github.com/laravel/pint"
},
"time": "2023-10-10T15:39:09+00:00"
},
{
"name": "laravel/sail",
"version": "v1.25.0",
"source": {
"type": "git",
"url": "https://github.com/laravel/sail.git",
"reference": "e81a7bd7ac1a745ccb25572830fecf74a89bb48a"
},
"dist": {
"type": "zip",
"url": "https://api.github.com/repos/laravel/sail/zipball/e81a7bd7ac1a745ccb25572830fecf74a89bb48a",
"reference": "e81a7bd7ac1a745ccb25572830fecf74a89bb48a",
"shasum": ""
},
"require": {
"illuminate/console": "^8.0|^9.0|^10.0",
"illuminate/contracts": "^8.0|^9.0|^10.0",
"illuminate/support": "^8.0|^9.0|^10.0",
"php": "^8.0",
"symfony/yaml": "^6.0"
},
"require-dev": {
"orchestra/testbench": "^6.0|^7.0|^8.0",
"phpstan/phpstan": "^1.10"
},
"bin": [
"issues": "https://github.com/laravel/sail/issues",
"source": "https://github.com/laravel/sail"
},
"time": "2023-09-11T17:37:09+00:00"
},
{
"name": "mockery/mockery",
},
{
"name": "phpunit/php-code-coverage",
"version": "10.1.7",
"source": {
"type": "git",
"url": "https://github.com/sebastianbergmann/php-code-coverage.git",
"reference": "355324ca4980b8916c18b9db29f3ef484078f26e"
},
"dist": {
"type": "zip",
"url": "https://api.github.com/repos/sebastianbergmann/php-code-coverage/zipball/355324ca4980b8916c18b9db29f3ef484078f26e",
"reference": "355324ca4980b8916c18b9db29f3ef484078f26e",
"shasum": ""
},
"require": {
"support": {
"issues": "https://github.com/sebastianbergmann/php-code-coverage/issues",
"security": "https://github.com/sebastianbergmann/php-code-coverage/security/policy",
"source": "https://github.com/sebastianbergmann/php-code-coverage/tree/10.1.7"
},
"funding": [
{
    "type": "github"
}
],
"time": "2023-10-04T15:34:17+00:00"
},
{
"name": "phpunit/php-file-iterator",
},
{
"name": "phpunit/phpunit",
"version": "10.4.1",
"source": {
"type": "git",
"url": "https://github.com/sebastianbergmann/phpunit.git",
"reference": "62bd7af13d282deeb95650077d28ba3600ca321c"
},
"dist": {
"type": "zip",
"url": "https://api.github.com/repos/sebastianbergmann/phpunit/zipball/62bd7af13d282deeb95650077d28ba3600ca321c",
"reference": "62bd7af13d282deeb95650077d28ba3600ca321c",
"shasum": ""
},
"require": {
"support": {
    "issues": "https://github.com/sebastianbergmann/phpunit/issues",
    "security": "https://github.com/sebastianbergmann/phpunit/security/policy",
    "source": "https://github.com/sebastianbergmann/phpunit/tree/10.4.1"
},
"funding": [
    {
        "type": "tidelift"
    }
],
"time": "2023-10-08T05:01:11+00:00"
},
{
"name": "sebastian/cli-parser",
},
{
"name": "symfony/yaml",
"version": "v6.3.3",
"source": {
    "type": "git",
    "url": "https://github.com/symfony/yaml.git",
    "reference": "e23292e8c07c85b971b44c1c4b87af52133e2add"
},
"dist": {
    "type": "zip",
    "url": "https://api.github.com/repos/symfony/yaml/zipball/e23292e8c07c85b971b44c1c4b87af52133e2add",
    "reference": "e23292e8c07c85b971b44c1c4b87af52133e2add",
    "shasum": ""
},
"require": {
    "description": "Loads and dumps YAML files",
    "homepage": "https://symfony.com",
    "support": {
        "source": "https://github.com/symfony/yaml/tree/v6.3.3"
    },
    "funding": [
        {
            "type": "tidelift"
        }
    ],
    "time": "2023-07-31T07:08:24+00:00"
},
{
    "name": "theseer/tokenizer",
    "php": "^8.1"
},
"platform-dev": [],
"plugin-api-version": "2.3.0"
}